
Microsoft Visual Studio Solution File, Format Version 12.00
# Visual Studio 15
VisualStudioVersion = 15.0.27130.2010
MinimumVisualStudioVersion = 10.0.40219.1
Project("{FAE04EC0-301F-11D3-BF4B-00C04F79EFBC}") = "Part2_Denis", "Part2\Part2_Denis.csproj", "{6A15335C-1DEF-4035-8835-1DE45727F554}"
EndProject
Global
	GlobalSection(SolutionConfigurationPlatforms) = preSolution
		Debug|Any CPU = Debug|Any CPU
		Release|Any CPU = Release|Any CPU
	EndGlobalSection
	GlobalSection(ProjectConfigurationPlatforms) = postSolution
		{6A15335C-1DEF-4035-8835-1DE45727F554}.Debug|Any CPU.ActiveCfg = Debug|Any CPU
		{6A15335C-1DEF-4035-8835-1DE45727F554}.Debug|Any CPU.Build.0 = Debug|Any CPU
		{6A15335C-1DEF-4035-8835-1DE45727F554}.Release|Any CPU.ActiveCfg = Release|Any CPU
		{6A15335C-1DEF-4035-8835-1DE45727F554}.Release|Any CPU.Build.0 = Release|Any CPU
	EndGlobalSection
	GlobalSection(SolutionProperties) = preSolution
		HideSolutionNode = FALSE
	EndGlobalSection
	GlobalSection(ExtensibilityGlobals) = postSolution
		SolutionGuid = {1AA35CFC-6007-421F-86AD-AF27E6DC5417}
	EndGlobalSection
EndGlobal
